// !$*UTF8*$!
{
	archiveVersion = 1;
	classes = {
	};
	objectVersion = 50;
	objects = {

/* Begin PBXBuildFile section */
		06C4A960E85644F3A1F3ACD5 /* Pods_UltimateTicTacToe.framework in Frameworks */ = {isa = PBXBuildFile; fileRef = FE1191567B6FDAE0D70AF28D /* Pods_UltimateTicTacToe.framework */; };
		930CBE3F26273AF40046086D /* SquareView.swift in Sources */ = {isa = PBXBuildFile; fileRef = 930CBE3E26273AF40046086D /* SquareView.swift */; };
		9360475B2627257500DC8922 /* MainMenuView.swift in Sources */ = {isa = PBXBuildFile; fileRef = 9360475A2627257500DC8922 /* MainMenuView.swift */; };
		9360475E26272EE400DC8922 /* GameView.swift in Sources */ = {isa = PBXBuildFile; fileRef = 9360475D26272EE400DC8922 /* GameView.swift */; };
		93785E4B2627D4E8004FB1F0 /* BoardView.swift in Sources */ = {isa = PBXBuildFile; fileRef = 93785E4A2627D4E8004FB1F0 /* BoardView.swift */; };
		937B88A92628721A007F030C /* Game.swift in Sources */ = {isa = PBXBuildFile; fileRef = 937B88A82628721A007F030C /* Game.swift */; };
		937B88BD2628D5B8007F030C /* MinimaxWrapper.cpp in Sources */ = {isa = PBXBuildFile; fileRef = 937B88BC2628D5B8007F030C /* MinimaxWrapper.cpp */; };
		93CEB181262CBB380085EAE1 /* ModelDataHandler.swift in Sources */ = {isa = PBXBuildFile; fileRef = 93CEB180262CBB380085EAE1 /* ModelDataHandler.swift */; };
		93CEB18B262CCD4B0085EAE1 /* MonteCarlo.cpp in Sources */ = {isa = PBXBuildFile; fileRef = 93CEB188262CCD4B0085EAE1 /* MonteCarlo.cpp */; };
		93CEB18C262CCD4B0085EAE1 /* Minimax.cpp in Sources */ = {isa = PBXBuildFile; fileRef = 93CEB189262CCD4B0085EAE1 /* Minimax.cpp */; };
		93CEB18D262CCD4B0085EAE1 /* GameState.cpp in Sources */ = {isa = PBXBuildFile; fileRef = 93CEB18A262CCD4B0085EAE1 /* GameState.cpp */; };
		93CEB193262CDF3C0085EAE1 /* MCTS.swift in Sources */ = {isa = PBXBuildFile; fileRef = 93CEB192262CDF3C0085EAE1 /* MCTS.swift */; };
		93CEB196262D18D20085EAE1 /* model.tflite in Resources */ = {isa = PBXBuildFile; fileRef = 93CEB195262D18D20085EAE1 /* model.tflite */; };
		93E9BE142625313300DB99B1 /* UltimateTicTacToeApp.swift in Sources */ = {isa = PBXBuildFile; fileRef = 93E9BE132625313300DB99B1 /* UltimateTicTacToeApp.swift */; };
		93E9BE162625313300DB99B1 /* ContentView.swift in Sources */ = {isa = PBXBuildFile; fileRef = 93E9BE152625313300DB99B1 /* ContentView.swift */; };
		93E9BE182625313400DB99B1 /* Assets.xcassets in Resources */ = {isa = PBXBuildFile; fileRef = 93E9BE172625313400DB99B1 /* Assets.xcassets */; };
		93E9BE1B2625313400DB99B1 /* Preview Assets.xcassets in Resources */ = {isa = PBXBuildFile; fileRef = 93E9BE1A2625313400DB99B1 /* Preview Assets.xcassets */; };
/* End PBXBuildFile section */

/* Begin PBXFileReference section */
		56BA9B1999D91639DD76E73B /* Pods-UltimateTicTacToe.release.xcconfig */ = {isa = PBXFileReference; includeInIndex = 1; lastKnownFileType = text.xcconfig; name = "Pods-UltimateTicTacToe.release.xcconfig"; path = "Target Support Files/Pods-UltimateTicTacToe/Pods-UltimateTicTacToe.release.xcconfig"; sourceTree = "<group>"; };
		68F4E76A9BFCD69FA753DE8E /* Pods-UltimateTicTacToe.debug.xcconfig */ = {isa = PBXFileReference; includeInIndex = 1; lastKnownFileType = text.xcconfig; name = "Pods-UltimateTicTacToe.debug.xcconfig"; path = "Target Support Files/Pods-UltimateTicTacToe/Pods-UltimateTicTacToe.debug.xcconfig"; sourceTree = "<group>"; };
		930CBE3E26273AF40046086D /* SquareView.swift */ = {isa = PBXFileReference; lastKnownFileType = sourcecode.swift; path = SquareView.swift; sourceTree = "<group>"; };
		9360475A2627257500DC8922 /* MainMenuView.swift */ = {isa = PBXFileReference; lastKnownFileType = sourcecode.swift; path = MainMenuView.swift; sourceTree = "<group>"; };
		9360475D26272EE400DC8922 /* GameView.swift */ = {isa = PBXFileReference; lastKnownFileType = sourcecode.swift; path = GameView.swift; sourceTree = "<group>"; };
		93785E4A2627D4E8004FB1F0 /* BoardView.swift */ = {isa = PBXFileReference; lastKnownFileType = sourcecode.swift; path = BoardView.swift; sourceTree = "<group>"; };
		937B88A82628721A007F030C /* Game.swift */ = {isa = PBXFileReference; lastKnownFileType = sourcecode.swift; path = Game.swift; sourceTree = "<group>"; };
		937B88BB2628D5B8007F030C /* MinimaxWrapper.hpp */ = {isa = PBXFileReference; lastKnownFileType = sourcecode.cpp.h; path = MinimaxWrapper.hpp; sourceTree = "<group>"; };
		937B88BC2628D5B8007F030C /* MinimaxWrapper.cpp */ = {isa = PBXFileReference; explicitFileType = sourcecode.cpp.cpp; path = MinimaxWrapper.cpp; sourceTree = "<group>"; };
		937B88C22628D7AD007F030C /* UltimateTicTacToe-Bridging-Header.h */ = {isa = PBXFileReference; lastKnownFileType = sourcecode.c.h; path = "UltimateTicTacToe-Bridging-Header.h"; sourceTree = "<group>"; };
		93CEB180262CBB380085EAE1 /* ModelDataHandler.swift */ = {isa = PBXFileReference; lastKnownFileType = sourcecode.swift; name = ModelDataHandler.swift; path = UltimateTicTacToe/ModelDataHandler.swift; sourceTree = SOURCE_ROOT; };
		93CEB184262CCD3A0085EAE1 /* Minimax.hpp */ = {isa = PBXFileReference; lastKnownFileType = sourcecode.cpp.h; path = Minimax.hpp; sourceTree = "<group>"; };
		93CEB185262CCD3A0085EAE1 /* GameState.hpp */ = {isa = PBXFileReference; lastKnownFileType = sourcecode.cpp.h; path = GameState.hpp; sourceTree = "<group>"; };
		93CEB186262CCD3A0085EAE1 /* MonteCarlo.hpp */ = {isa = PBXFileReference; lastKnownFileType = sourcecode.cpp.h; path = MonteCarlo.hpp; sourceTree = "<group>"; };
		93CEB187262CCD3A0085EAE1 /* dirichlet.hpp */ = {isa = PBXFileReference; lastKnownFileType = sourcecode.cpp.h; path = dirichlet.hpp; sourceTree = "<group>"; };
		93CEB188262CCD4B0085EAE1 /* MonteCarlo.cpp */ = {isa = PBXFileReference; fileEncoding = 4; lastKnownFileType = sourcecode.cpp.cpp; path = MonteCarlo.cpp; sourceTree = "<group>"; };
		93CEB189262CCD4B0085EAE1 /* Minimax.cpp */ = {isa = PBXFileReference; fileEncoding = 4; lastKnownFileType = sourcecode.cpp.cpp; path = Minimax.cpp; sourceTree = "<group>"; };
		93CEB18A262CCD4B0085EAE1 /* GameState.cpp */ = {isa = PBXFileReference; fileEncoding = 4; lastKnownFileType = sourcecode.cpp.cpp; path = GameState.cpp; sourceTree = "<group>"; };
		93CEB192262CDF3C0085EAE1 /* MCTS.swift */ = {isa = PBXFileReference; lastKnownFileType = sourcecode.swift; path = MCTS.swift; sourceTree = "<group>"; };
		93CEB195262D18D20085EAE1 /* model.tflite */ = {isa = PBXFileReference; lastKnownFileType = file; path = model.tflite; sourceTree = "<group>"; };
		93E9BE102625313300DB99B1 /* UltimateTicTacToe.app */ = {isa = PBXFileReference; explicitFileType = wrapper.application; includeInIndex = 0; path = UltimateTicTacToe.app; sourceTree = BUILT_PRODUCTS_DIR; };
		93E9BE132625313300DB99B1 /* UltimateTicTacToeApp.swift */ = {isa = PBXFileReference; lastKnownFileType = sourcecode.swift; path = UltimateTicTacToeApp.swift; sourceTree = "<group>"; };
		93E9BE152625313300DB99B1 /* ContentView.swift */ = {isa = PBXFileReference; lastKnownFileType = sourcecode.swift; path = ContentView.swift; sourceTree = "<group>"; };
		93E9BE172625313400DB99B1 /* Assets.xcassets */ = {isa = PBXFileReference; lastKnownFileType = folder.assetcatalog; path = Assets.xcassets; sourceTree = "<group>"; };
		93E9BE1A2625313400DB99B1 /* Preview Assets.xcassets */ = {isa = PBXFileReference; lastKnownFileType = folder.assetcatalog; path = "Preview Assets.xcassets"; sourceTree = "<group>"; };
		93E9BE1C2625313400DB99B1 /* Info.plist */ = {isa = PBXFileReference; lastKnownFileType = text.plist.xml; path = Info.plist; sourceTree = "<group>"; };
		FE1191567B6FDAE0D70AF28D /* Pods_UltimateTicTacToe.framework */ = {isa = PBXFileReference; explicitFileType = wrapper.framework; includeInIndex = 0; path = Pods_UltimateTicTacToe.framework; sourceTree = BUILT_PRODUCTS_DIR; };
/* End PBXFileReference section */

/* Begin PBXFrameworksBuildPhase section */
		93E9BE0D2625313300DB99B1 /* Frameworks */ = {
			isa = PBXFrameworksBuildPhase;
			buildActionMask = 2147483647;
			files = (
				06C4A960E85644F3A1F3ACD5 /* Pods_UltimateTicTacToe.framework in Frameworks */,
			);
			runOnlyForDeploymentPostprocessing = 0;
		};
/* End PBXFrameworksBuildPhase section */

/* Begin PBXGroup section */
		015814135019F5C107C31A9B /* Frameworks */ = {
			isa = PBXGroup;
			children = (
				FE1191567B6FDAE0D70AF28D /* Pods_UltimateTicTacToe.framework */,
			);
			name = Frameworks;
			sourceTree = "<group>";
		};
		936047592627256700DC8922 /* Views */ = {
			isa = PBXGroup;
			children = (
				9360475A2627257500DC8922 /* MainMenuView.swift */,
				9360475D26272EE400DC8922 /* GameView.swift */,
				930CBE3E26273AF40046086D /* SquareView.swift */,
				93785E4A2627D4E8004FB1F0 /* BoardView.swift */,
			);
			path = Views;
			sourceTree = "<group>";
		};
		937B88A726286F47007F030C /* Models */ = {
			isa = PBXGroup;
			children = (
				93CEB180262CBB380085EAE1 /* ModelDataHandler.swift */,
				937B88A82628721A007F030C /* Game.swift */,
				93CEB192262CDF3C0085EAE1 /* MCTS.swift */,
			);
			path = Models;
			sourceTree = "<group>";
		};
		937B88AC26287502007F030C /* Cpp */ = {
			isa = PBXGroup;
			children = (
				93CEB187262CCD3A0085EAE1 /* dirichlet.hpp */,
				93CEB185262CCD3A0085EAE1 /* GameState.hpp */,
				93CEB184262CCD3A0085EAE1 /* Minimax.hpp */,
				93CEB186262CCD3A0085EAE1 /* MonteCarlo.hpp */,
				93CEB18A262CCD4B0085EAE1 /* GameState.cpp */,
				93CEB189262CCD4B0085EAE1 /* Minimax.cpp */,
				93CEB188262CCD4B0085EAE1 /* MonteCarlo.cpp */,
				937B88BB2628D5B8007F030C /* MinimaxWrapper.hpp */,
				937B88BC2628D5B8007F030C /* MinimaxWrapper.cpp */,
				937B88C22628D7AD007F030C /* UltimateTicTacToe-Bridging-Header.h */,
			);
			path = Cpp;
			sourceTree = "<group>";
		};
		93E9BE072625313300DB99B1 = {
			isa = PBXGroup;
			children = (
				93E9BE122625313300DB99B1 /* UltimateTicTacToe */,
				93E9BE112625313300DB99B1 /* Products */,
				C7F3FEFA5342B192E6220252 /* Pods */,
				015814135019F5C107C31A9B /* Frameworks */,
			);
			sourceTree = "<group>";
		};
		93E9BE112625313300DB99B1 /* Products */ = {
			isa = PBXGroup;
			children = (
				93E9BE102625313300DB99B1 /* UltimateTicTacToe.app */,
			);
			name = Products;
			sourceTree = "<group>";
		};
		93E9BE122625313300DB99B1 /* UltimateTicTacToe */ = {
			isa = PBXGroup;
			children = (
				93CEB195262D18D20085EAE1 /* model.tflite */,
				937B88AC26287502007F030C /* Cpp */,
				937B88A726286F47007F030C /* Models */,
				936047592627256700DC8922 /* Views */,
				93E9BE132625313300DB99B1 /* UltimateTicTacToeApp.swift */,
				93E9BE152625313300DB99B1 /* ContentView.swift */,
				93E9BE172625313400DB99B1 /* Assets.xcassets */,
				93E9BE1C2625313400DB99B1 /* Info.plist */,
				93E9BE192625313400DB99B1 /* Preview Content */,
			);
			path = UltimateTicTacToe;
			sourceTree = "<group>";
		};
		93E9BE192625313400DB99B1 /* Preview Content */ = {
			isa = PBXGroup;
			children = (
				93E9BE1A2625313400DB99B1 /* Preview Assets.xcassets */,
			);
			path = "Preview Content";
			sourceTree = "<group>";
		};
		C7F3FEFA5342B192E6220252 /* Pods */ = {
			isa = PBXGroup;
			children = (
				68F4E76A9BFCD69FA753DE8E /* Pods-UltimateTicTacToe.debug.xcconfig */,
				56BA9B1999D91639DD76E73B /* Pods-UltimateTicTacToe.release.xcconfig */,
			);
			path = Pods;
			sourceTree = "<group>";
		};
/* End PBXGroup section */

/* Begin PBXNativeTarget section */
		93E9BE0F2625313300DB99B1 /* UltimateTicTacToe */ = {
			isa = PBXNativeTarget;
			buildConfigurationList = 93E9BE1F2625313400DB99B1 /* Build configuration list for PBXNativeTarget "UltimateTicTacToe" */;
			buildPhases = (
				3A769D793373DEC42611F585 /* [CP] Check Pods Manifest.lock */,
				93E9BE0C2625313300DB99B1 /* Sources */,
				93E9BE0D2625313300DB99B1 /* Frameworks */,
				93E9BE0E2625313300DB99B1 /* Resources */,
			);
			buildRules = (
			);
			dependencies = (
			);
			name = UltimateTicTacToe;
			productName = UltimateTicTacToe;
			productReference = 93E9BE102625313300DB99B1 /* UltimateTicTacToe.app */;
			productType = "com.apple.product-type.application";
		};
/* End PBXNativeTarget section */

/* Begin PBXProject section */
		93E9BE082625313300DB99B1 /* Project object */ = {
			isa = PBXProject;
			attributes = {
				LastSwiftUpdateCheck = 1220;
				LastUpgradeCheck = 1220;
				TargetAttributes = {
					93E9BE0F2625313300DB99B1 = {
						CreatedOnToolsVersion = 12.2;
						LastSwiftMigration = 1240;
					};
				};
			};
			buildConfigurationList = 93E9BE0B2625313300DB99B1 /* Build configuration list for PBXProject "UltimateTicTacToe" */;
			compatibilityVersion = "Xcode 9.3";
			developmentRegion = en;
			hasScannedForEncodings = 0;
			knownRegions = (
				en,
				Base,
			);
			mainGroup = 93E9BE072625313300DB99B1;
			productRefGroup = 93E9BE112625313300DB99B1 /* Products */;
			projectDirPath = "";
			projectRoot = "";
			targets = (
				93E9BE0F2625313300DB99B1 /* UltimateTicTacToe */,
			);
		};
/* End PBXProject section */

/* Begin PBXResourcesBuildPhase section */
		93E9BE0E2625313300DB99B1 /* Resources */ = {
			isa = PBXResourcesBuildPhase;
			buildActionMask = 2147483647;
			files = (
				93E9BE1B2625313400DB99B1 /* Preview Assets.xcassets in Resources */,
				93CEB196262D18D20085EAE1 /* model.tflite in Resources */,
				93E9BE182625313400DB99B1 /* Assets.xcassets in Resources */,
			);
			runOnlyForDeploymentPostprocessing = 0;
		};
/* End PBXResourcesBuildPhase section */

/* Begin PBXShellScriptBuildPhase section */
		3A769D793373DEC42611F585 /* [CP] Check Pods Manifest.lock */ = {
			isa = PBXShellScriptBuildPhase;
			buildActionMask = 2147483647;
			files = (
			);
			inputFileListPaths = (
			);
			inputPaths = (
				"${PODS_PODFILE_DIR_PATH}/Podfile.lock",
				"${PODS_ROOT}/Manifest.lock",
			);
			name = "[CP] Check Pods Manifest.lock";
			outputFileListPaths = (
			);
			outputPaths = (
				"$(DERIVED_FILE_DIR)/Pods-UltimateTicTacToe-checkManifestLockResult.txt",
			);
			runOnlyForDeploymentPostprocessing = 0;
			shellPath = /bin/sh;
			shellScript = "diff \"${PODS_PODFILE_DIR_PATH}/Podfile.lock\" \"${PODS_ROOT}/Manifest.lock\" > /dev/null\nif [ $? != 0 ] ; then\n    # print error to STDERR\n    echo \"error: The sandbox is not in sync with the Podfile.lock. Run 'pod install' or update your CocoaPods installation.\" >&2\n    exit 1\nfi\n# This output is used by Xcode 'outputs' to avoid re-running this script phase.\necho \"SUCCESS\" > \"${SCRIPT_OUTPUT_FILE_0}\"\n";
			showEnvVarsInLog = 0;
		};
/* End PBXShellScriptBuildPhase section */

/* Begin PBXSourcesBuildPhase section */
		93E9BE0C2625313300DB99B1 /* Sources */ = {
			isa = PBXSourcesBuildPhase;
			buildActionMask = 2147483647;
			files = (
				9360475B2627257500DC8922 /* MainMenuView.swift in Sources */,
				93CEB18D262CCD4B0085EAE1 /* GameState.cpp in Sources */,
				93CEB181262CBB380085EAE1 /* ModelDataHandler.swift in Sources */,
				930CBE3F26273AF40046086D /* SquareView.swift in Sources */,
				937B88A92628721A007F030C /* Game.swift in Sources */,
				93E9BE162625313300DB99B1 /* ContentView.swift in Sources */,
				93785E4B2627D4E8004FB1F0 /* BoardView.swift in Sources */,
				937B88BD2628D5B8007F030C /* MinimaxWrapper.cpp in Sources */,
				93CEB18C262CCD4B0085EAE1 /* Minimax.cpp in Sources */,
				9360475E26272EE400DC8922 /* GameView.swift in Sources */,
				93E9BE142625313300DB99B1 /* UltimateTicTacToeApp.swift in Sources */,
				93CEB193262CDF3C0085EAE1 /* MCTS.swift in Sources */,
				93CEB18B262CCD4B0085EAE1 /* MonteCarlo.cpp in Sources */,
			);
			runOnlyForDeploymentPostprocessing = 0;
		};
/* End PBXSourcesBuildPhase section */

/* Begin XCBuildConfiguration section */
		93E9BE1D2625313400DB99B1 /* Debug */ = {
			isa = XCBuildConfiguration;
			buildSettings = {
				ALWAYS_SEARCH_USER_PATHS = NO;
				CLANG_ANALYZER_NONNULL = YES;
				CLANG_ANALYZER_NUMBER_OBJECT_CONVERSION = YES_AGGRESSIVE;
				CLANG_CXX_LANGUAGE_STANDARD = "gnu++14";
				CLANG_CXX_LIBRARY = "libc++";
				CLANG_ENABLE_MODULES = YES;
				CLANG_ENABLE_OBJC_ARC = YES;
				CLANG_ENABLE_OBJC_WEAK = YES;
				CLANG_WARN_BLOCK_CAPTURE_AUTORELEASING = YES;
				CLANG_WARN_BOOL_CONVERSION = YES;
				CLANG_WARN_COMMA = YES;
				CLANG_WARN_CONSTANT_CONVERSION = YES;
				CLANG_WARN_DEPRECATED_OBJC_IMPLEMENTATIONS = YES;
				CLANG_WARN_DIRECT_OBJC_ISA_USAGE = YES_ERROR;
				CLANG_WARN_DOCUMENTATION_COMMENTS = YES;
				CLANG_WARN_EMPTY_BODY = YES;
				CLANG_WARN_ENUM_CONVERSION = YES;
				CLANG_WARN_INFINITE_RECURSION = YES;
				CLANG_WARN_INT_CONVERSION = YES;
				CLANG_WARN_NON_LITERAL_NULL_CONVERSION = YES;
				CLANG_WARN_OBJC_IMPLICIT_RETAIN_SELF = YES;
				CLANG_WARN_OBJC_LITERAL_CONVERSION = YES;
				CLANG_WARN_OBJC_ROOT_CLASS = YES_ERROR;
				CLANG_WARN_QUOTED_INCLUDE_IN_FRAMEWORK_HEADER = YES;
				CLANG_WARN_RANGE_LOOP_ANALYSIS = YES;
				CLANG_WARN_STRICT_PROTOTYPES = YES;
				CLANG_WARN_SUSPICIOUS_MOVE = YES;
				CLANG_WARN_UNGUARDED_AVAILABILITY = YES_AGGRESSIVE;
				CLANG_WARN_UNREACHABLE_CODE = YES;
				CLANG_WARN__DUPLICATE_METHOD_MATCH = YES;
				COPY_PHASE_STRIP = NO;
				DEBUG_INFORMATION_FORMAT = dwarf;
				ENABLE_STRICT_OBJC_MSGSEND = YES;
				ENABLE_TESTABILITY = YES;
				GCC_C_LANGUAGE_STANDARD = gnu11;
				GCC_DYNAMIC_NO_PIC = NO;
				GCC_NO_COMMON_BLOCKS = YES;
				GCC_OPTIMIZATION_LEVEL = 0;
				GCC_PREPROCESSOR_DEFINITIONS = (
					"DEBUG=1",
					"$(inherited)",
				);
				GCC_WARN_64_TO_32_BIT_CONVERSION = YES;
				GCC_WARN_ABOUT_RETURN_TYPE = YES_ERROR;
				GCC_WARN_UNDECLARED_SELECTOR = YES;
				GCC_WARN_UNINITIALIZED_AUTOS = YES_AGGRESSIVE;
				GCC_WARN_UNUSED_FUNCTION = YES;
				GCC_WARN_UNUSED_VARIABLE = YES;
				IPHONEOS_DEPLOYMENT_TARGET = 14.2;
				MTL_ENABLE_DEBUG_INFO = INCLUDE_SOURCE;
				MTL_FAST_MATH = YES;
				ONLY_ACTIVE_ARCH = YES;
				SDKROOT = iphoneos;
				SWIFT_ACTIVE_COMPILATION_CONDITIONS = DEBUG;
				SWIFT_OPTIMIZATION_LEVEL = "-Onone";
			};
			name = Debug;
		};
		93E9BE1E2625313400DB99B1 /* Release */ = {
			isa = XCBuildConfiguration;
			buildSettings = {
				ALWAYS_SEARCH_USER_PATHS = NO;
				CLANG_ANALYZER_NONNULL = YES;
				CLANG_ANALYZER_NUMBER_OBJECT_CONVERSION = YES_AGGRESSIVE;
				CLANG_CXX_LANGUAGE_STANDARD = "gnu++14";
				CLANG_CXX_LIBRARY = "libc++";
				CLANG_ENABLE_MODULES = YES;
				CLANG_ENABLE_OBJC_ARC = YES;
				CLANG_ENABLE_OBJC_WEAK = YES;
				CLANG_WARN_BLOCK_CAPTURE_AUTORELEASING = YES;
				CLANG_WARN_BOOL_CONVERSION = YES;
				CLANG_WARN_COMMA = YES;
				CLANG_WARN_CONSTANT_CONVERSION = YES;
				CLANG_WARN_DEPRECATED_OBJC_IMPLEMENTATIONS = YES;
				CLANG_WARN_DIRECT_OBJC_ISA_USAGE = YES_ERROR;
				CLANG_WARN_DOCUMENTATION_COMMENTS = YES;
				CLANG_WARN_EMPTY_BODY = YES;
				CLANG_WARN_ENUM_CONVERSION = YES;
				CLANG_WARN_INFINITE_RECURSION = YES;
				CLANG_WARN_INT_CONVERSION = YES;
				CLANG_WARN_NON_LITERAL_NULL_CONVERSION = YES;
				CLANG_WARN_OBJC_IMPLICIT_RETAIN_SELF = YES;
				CLANG_WARN_OBJC_LITERAL_CONVERSION = YES;
				CLANG_WARN_OBJC_ROOT_CLASS = YES_ERROR;
				CLANG_WARN_QUOTED_INCLUDE_IN_FRAMEWORK_HEADER = YES;
				CLANG_WARN_RANGE_LOOP_ANALYSIS = YES;
				CLANG_WARN_STRICT_PROTOTYPES = YES;
				CLANG_WARN_SUSPICIOUS_MOVE = YES;
				CLANG_WARN_UNGUARDED_AVAILABILITY = YES_AGGRESSIVE;
				CLANG_WARN_UNREACHABLE_CODE = YES;
				CLANG_WARN__DUPLICATE_METHOD_MATCH = YES;
				COPY_PHASE_STRIP = NO;
				DEBUG_INFORMATION_FORMAT = "dwarf-with-dsym";
				ENABLE_NS_ASSERTIONS = NO;
				ENABLE_STRICT_OBJC_MSGSEND = YES;
				GCC_C_LANGUAGE_STANDARD = gnu11;
				GCC_NO_COMMON_BLOCKS = YES;
				GCC_WARN_64_TO_32_BIT_CONVERSION = YES;
				GCC_WARN_ABOUT_RETURN_TYPE = YES_ERROR;
				GCC_WARN_UNDECLARED_SELECTOR = YES;
				GCC_WARN_UNINITIALIZED_AUTOS = YES_AGGRESSIVE;
				GCC_WARN_UNUSED_FUNCTION = YES;
				GCC_WARN_UNUSED_VARIABLE = YES;
				IPHONEOS_DEPLOYMENT_TARGET = 14.2;
				MTL_ENABLE_DEBUG_INFO = NO;
				MTL_FAST_MATH = YES;
				SDKROOT = iphoneos;
				SWIFT_COMPILATION_MODE = wholemodule;
				SWIFT_OPTIMIZATION_LEVEL = "-O";
				VALIDATE_PRODUCT = YES;
			};
			name = Release;
		};
		93E9BE202625313400DB99B1 /* Debug */ = {
			isa = XCBuildConfiguration;
			baseConfigurationReference = 68F4E76A9BFCD69FA753DE8E /* Pods-UltimateTicTacToe.debug.xcconfig */;
			buildSettings = {
				ASSETCATALOG_COMPILER_APPICON_NAME = AppIcon;
				ASSETCATALOG_COMPILER_GLOBAL_ACCENT_COLOR_NAME = AccentColor;
				CLANG_ENABLE_MODULES = YES;
				CODE_SIGN_STYLE = Automatic;
				DEVELOPMENT_ASSET_PATHS = "\"UltimateTicTacToe/Preview Content\"";
				DEVELOPMENT_TEAM = S8CK6858AC;
				ENABLE_PREVIEWS = YES;
				GCC_NO_COMMON_BLOCKS = YES;
				INFOPLIST_FILE = UltimateTicTacToe/Info.plist;
				IPHONEOS_DEPLOYMENT_TARGET = 14.0;
				LD_RUNPATH_SEARCH_PATHS = (
					"$(inherited)",
					"@executable_path/Frameworks",
				);
				PRODUCT_BUNDLE_IDENTIFIER = io.github.Sparky4825.UltimateTicTacToe;
				PRODUCT_NAME = "$(TARGET_NAME)";
				SWIFT_OBJC_BRIDGING_HEADER = "UltimateTicTacToe/Cpp/UltimateTicTacToe-Bridging-Header.h";
				SWIFT_OPTIMIZATION_LEVEL = "-Onone";
				SWIFT_VERSION = 5.0;
				TARGETED_DEVICE_FAMILY = "1,2";
			};
			name = Debug;
		};
		93E9BE212625313400DB99B1 /* Release */ = {
			isa = XCBuildConfiguration;
			baseConfigurationReference = 56BA9B1999D91639DD76E73B /* Pods-UltimateTicTacToe.release.xcconfig */;
			buildSettings = {
				ASSETCATALOG_COMPILER_APPICON_NAME = AppIcon;
				ASSETCATALOG_COMPILER_GLOBAL_ACCENT_COLOR_NAME = AccentColor;
				CLANG_ENABLE_MODULES = YES;
				CODE_SIGN_STYLE = Automatic;
				DEVELOPMENT_ASSET_PATHS = "\"UltimateTicTacToe/Preview Content\"";
				DEVELOPMENT_TEAM = S8CK6858AC;
				ENABLE_PREVIEWS = YES;
				GCC_NO_COMMON_BLOCKS = YES;
				INFOPLIST_FILE = UltimateTicTacToe/Info.plist;
				IPHONEOS_DEPLOYMENT_TARGET = 14.0;
				LD_RUNPATH_SEARCH_PATHS = (
					"$(inherited)",
					"@executable_path/Frameworks",
				);
				PRODUCT_BUNDLE_IDENTIFIER = io.github.Sparky4825.UltimateTicTacToe;
				PRODUCT_NAME = "$(TARGET_NAME)";
				SWIFT_OBJC_BRIDGING_HEADER = "UltimateTicTacToe/Cpp/UltimateTicTacToe-Bridging-Header.h";
				SWIFT_VERSION = 5.0;
				TARGETED_DEVICE_FAMILY = "1,2";
			};
			name = Release;
		};
/* End XCBuildConfiguration section */

/* Begin XCConfigurationList section */
		93E9BE0B2625313300DB99B1 /* Build configuration list for PBXProject "UltimateTicTacToe" */ = {
			isa = XCConfigurationList;
			buildConfigurations = (
				93E9BE1D2625313400DB99B1 /* Debug */,
				93E9BE1E2625313400DB99B1 /* Release */,
			);
			defaultConfigurationIsVisible = 0;
			defaultConfigurationName = Release;
		};
		93E9BE1F2625313400DB99B1 /* Build configuration list for PBXNativeTarget "UltimateTicTacToe" */ = {
			isa = XCConfigurationList;
			buildConfigurations = (
				93E9BE202625313400DB99B1 /* Debug */,
				93E9BE212625313400DB99B1 /* Release */,
			);
			defaultConfigurationIsVisible = 0;
			defaultConfigurationName = Release;
		};
/* End XCConfigurationList section */
	};
	rootObject = 93E9BE082625313300DB99B1 /* Project object */;
}
